dependencies:
- name: kata-deploy
  repository: oci://ghcr.io/kata-containers/kata-deploy-charts
  version: 3.29.0
- name: peerpodctrl
  repository: file://../../../../peerpod-ctrl/chart
  version: 0.2.1
- name: peerpods-webhook
  repository: file://../../../../webhook/chart
  version: 0.2.0
digest: sha256:d427f8421cd7f715e6e58f13d2d521bb6f2f29c6b187e1f40335eaeff2c5b612
generated: "2026-05-01T16:52:00.994085-05:00"
